
Microsoft Visual Studio Solution File, Format Version 12.00
# Visual Studio Version 16
VisualStudioVersion = 16.0.30804.86
MinimumVisualStudioVersion = 10.0.40219.1
Project("{9A19103F-16F7-4668-BE54-9A1E7A4F7556}") = "Business", "Business\Business.csproj", "{CA107122-3E42-477A-8DE7-2BAEA0062556}"
EndProject
Project("{9A19103F-16F7-4668-BE54-9A1E7A4F7556}") = "DataAccess", "DataAccess\DataAccess.csproj", "{0C4F3501-645B-491F-9725-F3D055D6A90D}"
EndProject
Project("{9A19103F-16F7-4668-BE54-9A1E7A4F7556}") = "Entities", "Entities\Entities.csproj", "{60758CEA-0F46-4582-8B6B-5FE3D850CAD5}"
EndProject
Project("{9A19103F-16F7-4668-BE54-9A1E7A4F7556}") = "ConsoleUI", "ConsoleUI\ConsoleUI.csproj", "{DA78E9A8-A132-40B4-A351-F7A1E66ADEEC}"
EndProject
Project("{9A19103F-16F7-4668-BE54-9A1E7A4F7556}") = "Core", "Core\Core.csproj", "{D2D9881A-D51E-48BA-9777-7B5379D47EBB}"
EndProject
Project("{FAE04EC0-301F-11D3-BF4B-00C04F79EFBC}") = "WebAPI", "WebAPI\WebAPI.csproj", "{A5668BCE-E19C-4283-A867-6A654F762321}"
EndProject
Global
	GlobalSection(SolutionConfigurationPlatforms) = preSolution
		Debug|Any CPU = Debug|Any CPU
		Release|Any CPU = Release|Any CPU
	EndGlobalSection
	GlobalSection(ProjectConfigurationPlatforms) = postSolution
		{CA107122-3E42-477A-8DE7-2BAEA0062556}.Debug|Any CPU.ActiveCfg = Debug|Any CPU
		{CA107122-3E42-477A-8DE7-2BAEA0062556}.Debug|Any CPU.Build.0 = Debug|Any CPU
		{CA107122-3E42-477A-8DE7-2BAEA0062556}.Release|Any CPU.ActiveCfg = Release|Any CPU
		{CA107122-3E42-477A-8DE7-2BAEA0062556}.Release|Any CPU.Build.0 = Release|Any CPU
		{0C4F3501-645B-491F-9725-F3D055D6A90D}.Debug|Any CPU.ActiveCfg = Debug|Any CPU
		{0C4F3501-645B-491F-9725-F3D055D6A90D}.Debug|Any CPU.Build.0 = Debug|Any CPU
		{0C4F3501-645B-491F-9725-F3D055D6A90D}.Release|Any CPU.ActiveCfg = Release|Any CPU
		{0C4F3501-645B-491F-9725-F3D055D6A90D}.Release|Any CPU.Build.0 = Release|Any CPU
		{60758CEA-0F46-4582-8B6B-5FE3D850CAD5}.Debug|Any CPU.ActiveCfg = Debug|Any CPU
		{60758CEA-0F46-4582-8B6B-5FE3D850CAD5}.Debug|Any CPU.Build.0 = Debug|Any CPU
		{60758CEA-0F46-4582-8B6B-5FE3D850CAD5}.Release|Any CPU.ActiveCfg = Release|Any CPU
		{60758CEA-0F46-4582-8B6B-5FE3D850CAD5}.Release|Any CPU.Build.0 = Release|Any CPU
		{DA78E9A8-A132-40B4-A351-F7A1E66ADEEC}.Debug|Any CPU.ActiveCfg = Debug|Any CPU
		{DA78E9A8-A132-40B4-A351-F7A1E66ADEEC}.Debug|Any CPU.Build.0 = Debug|Any CPU
		{DA78E9A8-A132-40B4-A351-F7A1E66ADEEC}.Release|Any CPU.ActiveCfg = Release|Any CPU
		{DA78E9A8-A132-40B4-A351-F7A1E66ADEEC}.Release|Any CPU.Build.0 = Release|Any CPU
		{D2D9881A-D51E-48BA-9777-7B5379D47EBB}.Debug|Any CPU.ActiveCfg = Debug|Any CPU
		{D2D9881A-D51E-48BA-9777-7B5379D47EBB}.Debug|Any CPU.Build.0 = Debug|Any CPU
		{D2D9881A-D51E-48BA-9777-7B5379D47EBB}.Release|Any CPU.ActiveCfg = Release|Any CPU
		{D2D9881A-D51E-48BA-9777-7B5379D47EBB}.Release|Any CPU.Build.0 = Release|Any CPU
		{A5668BCE-E19C-4283-A867-6A654F762321}.Debug|Any CPU.ActiveCfg = Debug|Any CPU
		{A5668BCE-E19C-4283-A867-6A654F762321}.Debug|Any CPU.Build.0 = Debug|Any CPU
		{A5668BCE-E19C-4283-A867-6A654F762321}.Release|Any CPU.ActiveCfg = Release|Any CPU
		{A5668BCE-E19C-4283-A867-6A654F762321}.Release|Any CPU.Build.0 = Release|Any CPU
	EndGlobalSection
	GlobalSection(SolutionProperties) = preSolution
		HideSolutionNode = FALSE
	EndGlobalSection
	GlobalSection(ExtensibilityGlobals) = postSolution
		SolutionGuid = {CF635306-5CF6-415E-AC9F-C91CBA05EB71}
	EndGlobalSection
EndGlobal
